
Microsoft Visual Studio Solution File, Format Version 12.00
# Visual Studio 15
VisualStudioVersion = 15.0.28010.2016
MinimumVisualStudioVersion = 10.0.40219.1
Project("{FAE04EC0-301F-11D3-BF4B-00C04F79EFBC}") = "FileUploadAPI", "FileUploadAPI\FileUploadAPI.csproj", "{4AF16291-E449-4971-AA24-70CF23A291BC}"
EndProject
Project("{FAE04EC0-301F-11D3-BF4B-00C04F79EFBC}") = "FIleUploadAPI.Models", "FIleUploadAPI.Models\FIleUploadAPI.Models.csproj", "{D4C45CD1-8EAC-41DE-911C-F3D6503CFC9C}"
EndProject
Global
	GlobalSection(SolutionConfigurationPlatforms) = preSolution
		Debug|Any CPU = Debug|Any CPU
		Release|Any CPU = Release|Any CPU
	EndGlobalSection
	GlobalSection(ProjectConfigurationPlatforms) = postSolution
		{4AF16291-E449-4971-AA24-70CF23A291BC}.Debug|Any CPU.ActiveCfg = Debug|Any CPU
		{4AF16291-E449-4971-AA24-70CF23A291BC}.Debug|Any CPU.Build.0 = Debug|Any CPU
		{4AF16291-E449-4971-AA24-70CF23A291BC}.Release|Any CPU.ActiveCfg = Release|Any CPU
		{4AF16291-E449-4971-AA24-70CF23A291BC}.Release|Any CPU.Build.0 = Release|Any CPU
		{D4C45CD1-8EAC-41DE-911C-F3D6503CFC9C}.Debug|Any CPU.ActiveCfg = Debug|Any CPU
		{D4C45CD1-8EAC-41DE-911C-F3D6503CFC9C}.Debug|Any CPU.Build.0 = Debug|Any CPU
		{D4C45CD1-8EAC-41DE-911C-F3D6503CFC9C}.Release|Any CPU.ActiveCfg = Release|Any CPU
		{D4C45CD1-8EAC-41DE-911C-F3D6503CFC9C}.Release|Any CPU.Build.0 = Release|Any CPU
	EndGlobalSection
	GlobalSection(SolutionProperties) = preSolution
		HideSolutionNode = FALSE
	EndGlobalSection
	GlobalSection(ExtensibilityGlobals) = postSolution
		SolutionGuid = {E8BBE2A9-CAAD-4DDE-A0D0-393E551DA324}
	EndGlobalSection
EndGlobal
